
Microsoft Visual Studio Solution File, Format Version 12.00
# Visual Studio Version 17
VisualStudioVersion = 17.9.34622.214
MinimumVisualStudioVersion = 10.0.40219.1
Project("{2150E333-8FDC-42A3-9474-1A3956D46DE8}") = "Core", "Core", "{0D81E6A4-6BD5-4471-9E53-0907748BC227}"
EndProject
Project("{2150E333-8FDC-42A3-9474-1A3956D46DE8}") = "Frontends", "Frontends", "{B2ECBA70-6BBE-4A6E-93CD-80D7D4CE274E}"
EndProject
Project("{2150E333-8FDC-42A3-9474-1A3956D46DE8}") = "Infrastructure", "Infrastructure", "{F5FDAD60-759B-484D-AE18-799D8CEEFB30}"
EndProject
Project("{2150E333-8FDC-42A3-9474-1A3956D46DE8}") = "Presentation", "Presentation", "{A3261FD5-7244-4B97-B36B-C5B1C27963DB}"
EndProject
Project("{2150E333-8FDC-42A3-9474-1A3956D46DE8}") = "Requirements", "Requirements", "{53BA8562-09E8-4C9A-A86D-6EF4AC87ED82}"
EndProject
Project("{FAE04EC0-301F-11D3-BF4B-00C04F79EFBC}") = "MovieApi.Domain", "Core\MovieApi.Domain\MovieApi.Domain.csproj", "{6AC662BE-A13A-4FDA-AE5A-B0F051C4B0AD}"
EndProject
Project("{FAE04EC0-301F-11D3-BF4B-00C04F79EFBC}") = "MovieApi.Persistence", "Infrastructure\MovieApi.Persistence\MovieApi.Persistence.csproj", "{96E3920F-C75F-4144-AE8D-EE6C092D4A6F}"
EndProject
Project("{FAE04EC0-301F-11D3-BF4B-00C04F79EFBC}") = "MovieApi.WebApi", "Presentation\MovieApi.WebApi\MovieApi.WebApi.csproj", "{027825C2-DA82-4F8A-B8BA-ED43479A00B6}"
EndProject
Project("{FAE04EC0-301F-11D3-BF4B-00C04F79EFBC}") = "MovieApi.Application", "Core\MovieApi.Application\MovieApi.Application.csproj", "{4F976ED4-2E53-484D-9272-9BA96EA151E6}"
EndProject
Global
	GlobalSection(SolutionConfigurationPlatforms) = preSolution
		Debug|Any CPU = Debug|Any CPU
		Release|Any CPU = Release|Any CPU
	EndGlobalSection
	GlobalSection(ProjectConfigurationPlatforms) = postSolution
		{6AC662BE-A13A-4FDA-AE5A-B0F051C4B0AD}.Debug|Any CPU.ActiveCfg = Debug|Any CPU
		{6AC662BE-A13A-4FDA-AE5A-B0F051C4B0AD}.Debug|Any CPU.Build.0 = Debug|Any CPU
		{6AC662BE-A13A-4FDA-AE5A-B0F051C4B0AD}.Release|Any CPU.ActiveCfg = Release|Any CPU
		{6AC662BE-A13A-4FDA-AE5A-B0F051C4B0AD}.Release|Any CPU.Build.0 = Release|Any CPU
		{96E3920F-C75F-4144-AE8D-EE6C092D4A6F}.Debug|Any CPU.ActiveCfg = Debug|Any CPU
		{96E3920F-C75F-4144-AE8D-EE6C092D4A6F}.Debug|Any CPU.Build.0 = Debug|Any CPU
		{96E3920F-C75F-4144-AE8D-EE6C092D4A6F}.Release|Any CPU.ActiveCfg = Release|Any CPU
		{96E3920F-C75F-4144-AE8D-EE6C092D4A6F}.Release|Any CPU.Build.0 = Release|Any CPU
		{027825C2-DA82-4F8A-B8BA-ED43479A00B6}.Debug|Any CPU.ActiveCfg = Debug|Any CPU
		{027825C2-DA82-4F8A-B8BA-ED43479A00B6}.Debug|Any CPU.Build.0 = Debug|Any CPU
		{027825C2-DA82-4F8A-B8BA-ED43479A00B6}.Release|Any CPU.ActiveCfg = Release|Any CPU
		{027825C2-DA82-4F8A-B8BA-ED43479A00B6}.Release|Any CPU.Build.0 = Release|Any CPU
		{4F976ED4-2E53-484D-9272-9BA96EA151E6}.Debug|Any CPU.ActiveCfg = Debug|Any CPU
		{4F976ED4-2E53-484D-9272-9BA96EA151E6}.Debug|Any CPU.Build.0 = Debug|Any CPU
		{4F976ED4-2E53-484D-9272-9BA96EA151E6}.Release|Any CPU.ActiveCfg = Release|Any CPU
		{4F976ED4-2E53-484D-9272-9BA96EA151E6}.Release|Any CPU.Build.0 = Release|Any CPU
	EndGlobalSection
	GlobalSection(SolutionProperties) = preSolution
		HideSolutionNode = FALSE
	EndGlobalSection
	GlobalSection(NestedProjects) = preSolution
		{6AC662BE-A13A-4FDA-AE5A-B0F051C4B0AD} = {0D81E6A4-6BD5-4471-9E53-0907748BC227}
		{96E3920F-C75F-4144-AE8D-EE6C092D4A6F} = {F5FDAD60-759B-484D-AE18-799D8CEEFB30}
		{027825C2-DA82-4F8A-B8BA-ED43479A00B6} = {A3261FD5-7244-4B97-B36B-C5B1C27963DB}
		{4F976ED4-2E53-484D-9272-9BA96EA151E6} = {0D81E6A4-6BD5-4471-9E53-0907748BC227}
	EndGlobalSection
	GlobalSection(ExtensibilityGlobals) = postSolution
		SolutionGuid = {3FEE5E99-3BF0-4708-A336-5D6AC2B11BDC}
	EndGlobalSection
EndGlobal
